
Microsoft Visual Studio Solution File, Format Version 12.00
# Visual Studio Version 16
VisualStudioVersion = 16.0.30204.135
MinimumVisualStudioVersion = 10.0.40219.1
Project("{FAE04EC0-301F-11D3-BF4B-00C04F79EFBC}") = "CrudCadastro", "CrudCadastro\CrudCadastro.csproj", "{A49A3824-1E82-4517-875B-2F6B7BB3D5D8}"
EndProject
Global
	GlobalSection(SolutionConfigurationPlatforms) = preSolution
		Debug|Any CPU = Debug|Any CPU
		Release|Any CPU = Release|Any CPU
	EndGlobalSection
	GlobalSection(ProjectConfigurationPlatforms) = postSolution
		{A49A3824-1E82-4517-875B-2F6B7BB3D5D8}.Debug|Any CPU.ActiveCfg = Debug|Any CPU
		{A49A3824-1E82-4517-875B-2F6B7BB3D5D8}.Debug|Any CPU.Build.0 = Debug|Any CPU
		{A49A3824-1E82-4517-875B-2F6B7BB3D5D8}.Release|Any CPU.ActiveCfg = Release|Any CPU
		{A49A3824-1E82-4517-875B-2F6B7BB3D5D8}.Release|Any CPU.Build.0 = Release|Any CPU
	EndGlobalSection
	GlobalSection(SolutionProperties) = preSolution
		HideSolutionNode = FALSE
	EndGlobalSection
	GlobalSection(ExtensibilityGlobals) = postSolution
		SolutionGuid = {19DB7D58-82D4-48E5-A93E-4D0C6F08874D}
	EndGlobalSection
EndGlobal
